# This file is generated by running "yarn install" inside your project.
# Manual changes might be lost - proceed with caution!

__metadata:
  version: 6
  cacheKey: 8

"@types/node@npm:^20.2.5":
  version: 20.2.5
  resolution: "@types/node@npm:20.2.5"
  checksum: 38ce7c7e9d76880dc632f71d71e0d5914fcda9d5e9a7095d6c339abda55ca4affb0f2a882aeb29398f8e09d2c5151f0b6586c81c8ccdfe529c34b1ea3337425e
  languageName: node
  linkType: hard

"husky@npm:^8.0.0":
  version: 8.0.3
  resolution: "husky@npm:8.0.3"
  bin:
    husky: lib/bin.js
  checksum: 837bc7e4413e58c1f2946d38fb050f5d7324c6f16b0fd66411ffce5703b294bd21429e8ba58711cd331951ee86ed529c5be4f76805959ff668a337dbfa82a1b0
  languageName: node
  linkType: hard

"node-ts-clean-tdd-template@workspace:.":
  version: 0.0.0-use.local
  resolution: "node-ts-clean-tdd-template@workspace:."
  dependencies:
    "@types/node": ^20.2.5
    husky: ^8.0.0
    pinst: ^3.0.0
    typescript: ^5.1.3
  languageName: unknown
  linkType: soft

"pinst@npm:^3.0.0":
  version: 3.0.0
  resolution: "pinst@npm:3.0.0"
  bin:
    pinst: bin.js
  checksum: 4ae48a6a60f79c37071233af51b4d91bfc85cfa3c12b66ccda60cdb642b4d14a4ab0cb3587afc55b1f6192cea1772a5e4822026a0d0d3528296edef00cc2d61f
  languageName: node
  linkType: hard

"typescript@npm:^5.1.3":
  version: 5.1.3
  resolution: "typescript@npm:5.1.3"
  bin:
    tsc: bin/tsc
    tsserver: bin/tsserver
  checksum: d9d51862d98efa46534f2800a1071a613751b1585dc78884807d0c179bcd93d6e9d4012a508e276742f5f33c480adefc52ffcafaf9e0e00ab641a14cde9a31c7
  languageName: node
  linkType: hard

"typescript@patch:typescript@^5.1.3#~builtin<compat/typescript>":
  version: 5.1.3
  resolution: "typescript@patch:typescript@npm%3A5.1.3#~builtin<compat/typescript>::version=5.1.3&hash=5da071"
  bin:
    tsc: bin/tsc
    tsserver: bin/tsserver
  checksum: 6f0a9dca6bf4ce9dcaf4e282aade55ef4c56ecb5fb98d0a4a5c0113398815aea66d871b5611e83353e5953a19ed9ef103cf5a76ac0f276d550d1e7cd5344f61e
  languageName: node
  linkType: hard
